
Microsoft Visual Studio Solution File, Format Version 12.00
# Visual Studio Version 16
VisualStudioVersion = 16.0.29324.140
MinimumVisualStudioVersion = 10.0.40219.1
Project("{FAE04EC0-301F-11D3-BF4B-00C04F79EFBC}") = "BinListWrapperApi", "BinListWrapperApi\BinListWrapperApi.csproj", "{52530FD8-08BC-4EB4-9B2B-838DFFFBD904}"
EndProject
Global
	GlobalSection(SolutionConfigurationPlatforms) = preSolution
		Debug|Any CPU = Debug|Any CPU
		Release|Any CPU = Release|Any CPU
	EndGlobalSection
	GlobalSection(ProjectConfigurationPlatforms) = postSolution
		{52530FD8-08BC-4EB4-9B2B-838DFFFBD904}.Debug|Any CPU.ActiveCfg = Debug|Any CPU
		{52530FD8-08BC-4EB4-9B2B-838DFFFBD904}.Debug|Any CPU.Build.0 = Debug|Any CPU
		{52530FD8-08BC-4EB4-9B2B-838DFFFBD904}.Release|Any CPU.ActiveCfg = Release|Any CPU
		{52530FD8-08BC-4EB4-9B2B-838DFFFBD904}.Release|Any CPU.Build.0 = Release|Any CPU
	EndGlobalSection
	GlobalSection(SolutionProperties) = preSolution
		HideSolutionNode = FALSE
	EndGlobalSection
	GlobalSection(ExtensibilityGlobals) = postSolution
		SolutionGuid = {048B38BE-B9E8-41D0-8723-B90E07B25AFE}
	EndGlobalSection
EndGlobal
